
Microsoft Visual Studio Solution File, Format Version 12.00
# Visual Studio Version 16
VisualStudioVersion = 16.0.31702.278
MinimumVisualStudioVersion = 10.0.40219.1
Project("{FAE04EC0-301F-11D3-BF4B-00C04F79EFBC}") = "Cue2", "Cue2.csproj", "{195DF40D-D9D2-4905-9B9A-C24CD9958CC5}"
EndProject
Global
	GlobalSection(SolutionConfigurationPlatforms) = preSolution
		Debug|Any CPU = Debug|Any CPU
		ExportDebug|Any CPU = ExportDebug|Any CPU
		ExportRelease|Any CPU = ExportRelease|Any CPU
	EndGlobalSection
	GlobalSection(ProjectConfigurationPlatforms) = postSolution
		{195DF40D-D9D2-4905-9B9A-C24CD9958CC5}.Debug|Any CPU.ActiveCfg = Debug|Any CPU
		{195DF40D-D9D2-4905-9B9A-C24CD9958CC5}.Debug|Any CPU.Build.0 = Debug|Any CPU
		{195DF40D-D9D2-4905-9B9A-C24CD9958CC5}.ExportDebug|Any CPU.ActiveCfg = ExportDebug|Any CPU
		{195DF40D-D9D2-4905-9B9A-C24CD9958CC5}.ExportDebug|Any CPU.Build.0 = ExportDebug|Any CPU
		{195DF40D-D9D2-4905-9B9A-C24CD9958CC5}.ExportRelease|Any CPU.ActiveCfg = ExportRelease|Any CPU
		{195DF40D-D9D2-4905-9B9A-C24CD9958CC5}.ExportRelease|Any CPU.Build.0 = ExportRelease|Any CPU
	EndGlobalSection
	GlobalSection(SolutionProperties) = preSolution
		HideSolutionNode = FALSE
	EndGlobalSection
	GlobalSection(ExtensibilityGlobals) = postSolution
		SolutionGuid = {A96766DC-F4CD-4900-A268-5996491BF66F}
	EndGlobalSection
EndGlobal
